<Solution>
  <Folder Name="/src/">
    <Project Path="src/eSamadhaan.API/eSamadhaan.API.csproj" />
    <Project Path="src/eSamadhaan.Application/eSamadhaan.Application.csproj" />
    <Project Path="src/eSamadhaan.Domain/eSamadhaan.Domain.csproj" />
    <Project Path="src/eSamadhaan.Infrastructure/eSamadhaan.Infrastructure.csproj" />
    <Project Path="src/eSamadhaan.DatabaseSeeder/eSamadhaan.DatabaseSeeder.csproj" />
    <Project Path="src/eSamadhaan.Application.Tests/eSamadhaan.Application.Tests.csproj" />
  </Folder>
</Solution>
